// !$*UTF8*$!
{
	archiveVersion = 1;
	classes = {
	};
	objectVersion = 50;
	objects = {

/* Begin PBXBuildFile section */
		921291DB20BBC8AA00B651D4 /* ZDCacheManager.swift in Sources */ = {isa = PBXBuildFile; fileRef = 921291DA20BBC8AA00B651D4 /* ZDCacheManager.swift */; };
		92322B3A20A412BA003272E3 /* DeskSDKUIKit.h in Headers */ = {isa = PBXBuildFile; fileRef = 92322B2C20A412BA003272E3 /* DeskSDKUIKit.h */; settings = {ATTRIBUTES = (Public, ); }; };
		92322B5920A412F6003272E3 /* ZDTicketList.xib in Resources */ = {isa = PBXBuildFile; fileRef = 92322B5620A412F6003272E3 /* ZDTicketList.xib */; };
		92322B5B20A412F6003272E3 /* ZDTicketListView.swift in Sources */ = {isa = PBXBuildFile; fileRef = 92322B5720A412F6003272E3 /* ZDTicketListView.swift */; };
		92322B5D20A412F6003272E3 /* ZDTicketListCell.swift in Sources */ = {isa = PBXBuildFile; fileRef = 92322B5820A412F6003272E3 /* ZDTicketListCell.swift */; };
		92322B6020A41302003272E3 /* icomoon.ttf in Resources */ = {isa = PBXBuildFile; fileRef = 92322B5F20A41302003272E3 /* icomoon.ttf */; };
		92322B6C20A42300003272E3 /* ZDConstant.swift in Sources */ = {isa = PBXBuildFile; fileRef = 92322B6B20A42300003272E3 /* ZDConstant.swift */; };
		92322B6F20A4248A003272E3 /* ZDUtility.swift in Sources */ = {isa = PBXBuildFile; fileRef = 92322B6E20A4248A003272E3 /* ZDUtility.swift */; };
		92322C0520A42A51003272E3 /* ZohoDeskUIKit.swift in Sources */ = {isa = PBXBuildFile; fileRef = 92322C0420A42A51003272E3 /* ZohoDeskUIKit.swift */; };
		92322C1320A44643003272E3 /* ZDTicketListModel.swift in Sources */ = {isa = PBXBuildFile; fileRef = 92322C1220A44643003272E3 /* ZDTicketListModel.swift */; };
		92322C1920A456D4003272E3 /* FontExtension.swift in Sources */ = {isa = PBXBuildFile; fileRef = 92322C1820A456D4003272E3 /* FontExtension.swift */; };
		925DAA6B20AC0D9E0012B811 /* ZDTicketDetailHeader.swift in Sources */ = {isa = PBXBuildFile; fileRef = 925DAA6A20AC0D9E0012B811 /* ZDTicketDetailHeader.swift */; };
		925DAA7120AC3B6B0012B811 /* ZDTicketDetailViewModel.swift in Sources */ = {isa = PBXBuildFile; fileRef = 925DAA7020AC3B6B0012B811 /* ZDTicketDetailViewModel.swift */; };
		925DAA7320AC6D450012B811 /* ZDEnglish.strings in Resources */ = {isa = PBXBuildFile; fileRef = 925DAA7220AC6D450012B811 /* ZDEnglish.strings */; };
		925DAA7620ACB2E60012B811 /* ZDConversationCell.swift in Sources */ = {isa = PBXBuildFile; fileRef = 925DAA7520ACB2E60012B811 /* ZDConversationCell.swift */; };
		925DAA7820ACB9C60012B811 /* ZDConvserationCell.xib in Resources */ = {isa = PBXBuildFile; fileRef = 925DAA7720ACB9C60012B811 /* ZDConvserationCell.xib */; };
		925DAA7A20AD4E810012B811 /* ColorExtension.swift in Sources */ = {isa = PBXBuildFile; fileRef = 925DAA7920AD4E810012B811 /* ColorExtension.swift */; };
		925DAA7C20AD93300012B811 /* UIViewExtension.swift in Sources */ = {isa = PBXBuildFile; fileRef = 925DAA7B20AD93300012B811 /* UIViewExtension.swift */; };
		925DAA7E20AD94B60012B811 /* ZDTicketDetailTheme.swift in Sources */ = {isa = PBXBuildFile; fileRef = 925DAA7D20AD94B60012B811 /* ZDTicketDetailTheme.swift */; };
		925DAA8020ADA04E0012B811 /* ProximaNovaSbold.otf in Resources */ = {isa = PBXBuildFile; fileRef = 925DAA7F20ADA04D0012B811 /* ProximaNovaSbold.otf */; };
		925DAA8420AEA8330012B811 /* AttachementMethods.swift in Sources */ = {isa = PBXBuildFile; fileRef = 925DAA8320AEA8330012B811 /* AttachementMethods.swift */; };
		925DAA8620AEA9030012B811 /* ZDAttachmentCollectionCell.xib in Resources */ = {isa = PBXBuildFile; fileRef = 925DAA8520AEA9030012B811 /* ZDAttachmentCollectionCell.xib */; };
		927D265620A95EDA00D692A8 /* OptionalExtension.swift in Sources */ = {isa = PBXBuildFile; fileRef = 927D265520A95EDA00D692A8 /* OptionalExtension.swift */; };
		927D265C20A9646600D692A8 /* DateExtension.swift in Sources */ = {isa = PBXBuildFile; fileRef = 927D265B20A9646600D692A8 /* DateExtension.swift */; };
		927D265E20A9685E00D692A8 /* StringExtension.swift in Sources */ = {isa = PBXBuildFile; fileRef = 927D265D20A9685E00D692A8 /* StringExtension.swift */; };
		927D266020A98FE300D692A8 /* BoolExtension.swift in Sources */ = {isa = PBXBuildFile; fileRef = 927D265F20A98FE300D692A8 /* BoolExtension.swift */; };
		927D266320AAA00900D692A8 /* ProximaNovaBold.otf in Resources */ = {isa = PBXBuildFile; fileRef = 927D266120AAA00800D692A8 /* ProximaNovaBold.otf */; };
		927D266420AAA00900D692A8 /* ProximaNovaReg.otf in Resources */ = {isa = PBXBuildFile; fileRef = 927D266220AAA00900D692A8 /* ProximaNovaReg.otf */; };
		927D266520AAA13A00D692A8 /* ProximaNovaBold.otf in Sources */ = {isa = PBXBuildFile; fileRef = 927D266120AAA00800D692A8 /* ProximaNovaBold.otf */; };
		927D266620AAA13A00D692A8 /* ProximaNovaReg.otf in Sources */ = {isa = PBXBuildFile; fileRef = 927D266220AAA00900D692A8 /* ProximaNovaReg.otf */; };
		927D266920AAB2DC00D692A8 /* ZDTicketListCellTheme.swift in Sources */ = {isa = PBXBuildFile; fileRef = 927D266820AAB2DC00D692A8 /* ZDTicketListCellTheme.swift */; };
		927D266B20AAB2EE00D692A8 /* ZDTheme.swift in Sources */ = {isa = PBXBuildFile; fileRef = 927D266A20AAB2EE00D692A8 /* ZDTheme.swift */; };
		927D266E20AAE73800D692A8 /* ZDTicketDetailView.swift in Sources */ = {isa = PBXBuildFile; fileRef = 927D266D20AAE73700D692A8 /* ZDTicketDetailView.swift */; };
		927D267020AAEDFA00D692A8 /* ZDTicketDetail.xib in Resources */ = {isa = PBXBuildFile; fileRef = 927D266F20AAEDFA00D692A8 /* ZDTicketDetail.xib */; };
		9285B56220BD99D9002182FB /* ZDQLPreviewController.swift in Sources */ = {isa = PBXBuildFile; fileRef = 9285B56120BD99D9002182FB /* ZDQLPreviewController.swift */; };
		9285B57E20BEBD8E002182FB /* FileManagerExtention.swift in Sources */ = {isa = PBXBuildFile; fileRef = 9285B57B20BEBD8E002182FB /* FileManagerExtention.swift */; };
		92C19EC820B5F49A0088D7AC /* SenderDetailMethods.swift in Sources */ = {isa = PBXBuildFile; fileRef = 92C19EC720B5F4990088D7AC /* SenderDetailMethods.swift */; };
		92C19ECC20B687AC0088D7AC /* Media.xcassets in Resources */ = {isa = PBXBuildFile; fileRef = 92C19ECB20B687AC0088D7AC /* Media.xcassets */; };
		92C19ED320B72CA80088D7AC /* icomoon.ttf in Sources */ = {isa = PBXBuildFile; fileRef = 92322B5F20A41302003272E3 /* icomoon.ttf */; };
		92C19ED420B72CA80088D7AC /* ProximaNovaSbold.otf in Sources */ = {isa = PBXBuildFile; fileRef = 925DAA7F20ADA04D0012B811 /* ProximaNovaSbold.otf */; };
/* End PBXBuildFile section */

/* Begin PBXFileReference section */
		921291DA20BBC8AA00B651D4 /* ZDCacheManager.swift */ = {isa = PBXFileReference; lastKnownFileType = sourcecode.swift; path = ZDCacheManager.swift; sourceTree = "<group>"; };
		92322B2920A412BA003272E3 /* ZohoDeskUIKit.framework */ = {isa = PBXFileReference; explicitFileType = wrapper.framework; includeInIndex = 0; path = ZohoDeskUIKit.framework; sourceTree = BUILT_PRODUCTS_DIR; };
		92322B2C20A412BA003272E3 /* DeskSDKUIKit.h */ = {isa = PBXFileReference; lastKnownFileType = sourcecode.c.h; path = DeskSDKUIKit.h; sourceTree = "<group>"; };
		92322B2D20A412BA003272E3 /* Info.plist */ = {isa = PBXFileReference; lastKnownFileType = text.plist.xml; path = Info.plist; sourceTree = "<group>"; };
		92322B5620A412F6003272E3 /* ZDTicketList.xib */ = {isa = PBXFileReference; fileEncoding = 4; lastKnownFileType = file.xib; path = ZDTicketList.xib; sourceTree = "<group>"; };
		92322B5720A412F6003272E3 /* ZDTicketListView.swift */ = {isa = PBXFileReference; fileEncoding = 4; lastKnownFileType = sourcecode.swift; path = ZDTicketListView.swift; sourceTree = "<group>"; };
		92322B5820A412F6003272E3 /* ZDTicketListCell.swift */ = {isa = PBXFileReference; fileEncoding = 4; lastKnownFileType = sourcecode.swift; path = ZDTicketListCell.swift; sourceTree = "<group>"; };
		92322B5F20A41302003272E3 /* icomoon.ttf */ = {isa = PBXFileReference; lastKnownFileType = file; path = icomoon.ttf; sourceTree = "<group>"; };
		92322B6B20A42300003272E3 /* ZDConstant.swift */ = {isa = PBXFileReference; lastKnownFileType = sourcecode.swift; path = ZDConstant.swift; sourceTree = "<group>"; };
		92322B6E20A4248A003272E3 /* ZDUtility.swift */ = {isa = PBXFileReference; lastKnownFileType = sourcecode.swift; path = ZDUtility.swift; sourceTree = "<group>"; };
		92322C0420A42A51003272E3 /* ZohoDeskUIKit.swift */ = {isa = PBXFileReference; lastKnownFileType = sourcecode.swift; path = ZohoDeskUIKit.swift; sourceTree = "<group>"; };
		92322C1220A44643003272E3 /* ZDTicketListModel.swift */ = {isa = PBXFileReference; lastKnownFileType = sourcecode.swift; path = ZDTicketListModel.swift; sourceTree = "<group>"; };
		92322C1820A456D4003272E3 /* FontExtension.swift */ = {isa = PBXFileReference; lastKnownFileType = sourcecode.swift; path = FontExtension.swift; sourceTree = "<group>"; };
		925DAA6A20AC0D9E0012B811 /* ZDTicketDetailHeader.swift */ = {isa = PBXFileReference; lastKnownFileType = sourcecode.swift; path = ZDTicketDetailHeader.swift; sourceTree = "<group>"; };
		925DAA7020AC3B6B0012B811 /* ZDTicketDetailViewModel.swift */ = {isa = PBXFileReference; lastKnownFileType = sourcecode.swift; path = ZDTicketDetailViewModel.swift; sourceTree = "<group>"; };
		925DAA7220AC6D450012B811 /* ZDEnglish.strings */ = {isa = PBXFileReference; lastKnownFileType = text.plist.strings; path = ZDEnglish.strings; sourceTree = "<group>"; };
		925DAA7520ACB2E60012B811 /* ZDConversationCell.swift */ = {isa = PBXFileReference; lastKnownFileType = sourcecode.swift; path = ZDConversationCell.swift; sourceTree = "<group>"; };
		925DAA7720ACB9C60012B811 /* ZDConvserationCell.xib */ = {isa = PBXFileReference; lastKnownFileType = file.xib; path = ZDConvserationCell.xib; sourceTree = "<group>"; };
		925DAA7920AD4E810012B811 /* ColorExtension.swift */ = {isa = PBXFileReference; lastKnownFileType = sourcecode.swift; path = ColorExtension.swift; sourceTree = "<group>"; };
		925DAA7B20AD93300012B811 /* UIViewExtension.swift */ = {isa = PBXFileReference; lastKnownFileType = sourcecode.swift; path = UIViewExtension.swift; sourceTree = "<group>"; };
		925DAA7D20AD94B60012B811 /* ZDTicketDetailTheme.swift */ = {isa = PBXFileReference; lastKnownFileType = sourcecode.swift; path = ZDTicketDetailTheme.swift; sourceTree = "<group>"; };
		925DAA7F20ADA04D0012B811 /* ProximaNovaSbold.otf */ = {isa = PBXFileReference; lastKnownFileType = file; path = ProximaNovaSbold.otf; sourceTree = "<group>"; };
		925DAA8320AEA8330012B811 /* AttachementMethods.swift */ = {isa = PBXFileReference; lastKnownFileType = sourcecode.swift; path = AttachementMethods.swift; sourceTree = "<group>"; };
		925DAA8520AEA9030012B811 /* ZDAttachmentCollectionCell.xib */ = {isa = PBXFileReference; lastKnownFileType = file.xib; path = ZDAttachmentCollectionCell.xib; sourceTree = "<group>"; };
		927D265520A95EDA00D692A8 /* OptionalExtension.swift */ = {isa = PBXFileReference; lastKnownFileType = sourcecode.swift; path = OptionalExtension.swift; sourceTree = "<group>"; };
		927D265B20A9646600D692A8 /* DateExtension.swift */ = {isa = PBXFileReference; lastKnownFileType = sourcecode.swift; path = DateExtension.swift; sourceTree = "<group>"; };
		927D265D20A9685E00D692A8 /* StringExtension.swift */ = {isa = PBXFileReference; lastKnownFileType = sourcecode.swift; path = StringExtension.swift; sourceTree = "<group>"; };
		927D265F20A98FE300D692A8 /* BoolExtension.swift */ = {isa = PBXFileReference; lastKnownFileType = sourcecode.swift; path = BoolExtension.swift; sourceTree = "<group>"; };
		927D266120AAA00800D692A8 /* ProximaNovaBold.otf */ = {isa = PBXFileReference; lastKnownFileType = file; path = ProximaNovaBold.otf; sourceTree = "<group>"; };
		927D266220AAA00900D692A8 /* ProximaNovaReg.otf */ = {isa = PBXFileReference; lastKnownFileType = file; path = ProximaNovaReg.otf; sourceTree = "<group>"; };
		927D266820AAB2DC00D692A8 /* ZDTicketListCellTheme.swift */ = {isa = PBXFileReference; lastKnownFileType = sourcecode.swift; path = ZDTicketListCellTheme.swift; sourceTree = "<group>"; };
		927D266A20AAB2EE00D692A8 /* ZDTheme.swift */ = {isa = PBXFileReference; lastKnownFileType = sourcecode.swift; path = ZDTheme.swift; sourceTree = "<group>"; };
		927D266D20AAE73700D692A8 /* ZDTicketDetailView.swift */ = {isa = PBXFileReference; lastKnownFileType = sourcecode.swift; path = ZDTicketDetailView.swift; sourceTree = "<group>"; };
		927D266F20AAEDFA00D692A8 /* ZDTicketDetail.xib */ = {isa = PBXFileReference; lastKnownFileType = file.xib; path = ZDTicketDetail.xib; sourceTree = "<group>"; };
		9285B56120BD99D9002182FB /* ZDQLPreviewController.swift */ = {isa = PBXFileReference; lastKnownFileType = sourcecode.swift; path = ZDQLPreviewController.swift; sourceTree = "<group>"; };
		9285B57B20BEBD8E002182FB /* FileManagerExtention.swift */ = {isa = PBXFileReference; fileEncoding = 4; lastKnownFileType = sourcecode.swift; path = FileManagerExtention.swift; sourceTree = "<group>"; };
		92C19EC720B5F4990088D7AC /* SenderDetailMethods.swift */ = {isa = PBXFileReference; lastKnownFileType = sourcecode.swift; path = SenderDetailMethods.swift; sourceTree = "<group>"; };
		92C19ECB20B687AC0088D7AC /* Media.xcassets */ = {isa = PBXFileReference; lastKnownFileType = folder.assetcatalog; path = Media.xcassets; sourceTree = "<group>"; };
/* End PBXFileReference section */

/* Begin PBXFrameworksBuildPhase section */
		92322B2520A412BA003272E3 /* Frameworks */ = {
			isa = PBXFrameworksBuildPhase;
			buildActionMask = 2147483647;
			files = (
			);
			runOnlyForDeploymentPostprocessing = 0;
		};
/* End PBXFrameworksBuildPhase section */

/* Begin PBXGroup section */
		921291E020BBE88900B651D4 /* ConversationCell */ = {
			isa = PBXGroup;
			children = (
				925DAA7520ACB2E60012B811 /* ZDConversationCell.swift */,
				92C19EC720B5F4990088D7AC /* SenderDetailMethods.swift */,
				925DAA8320AEA8330012B811 /* AttachementMethods.swift */,
				925DAA7D20AD94B60012B811 /* ZDTicketDetailTheme.swift */,
			);
			path = ConversationCell;
			sourceTree = "<group>";
		};
		92322B1F20A412BA003272E3 = {
			isa = PBXGroup;
			children = (
				92322B5520A412F6003272E3 /* TicketList */,
				927D266C20AAE70D00D692A8 /* TicketDetails */,
				92322C0220A42A0F003272E3 /* Utility */,
				92322B2B20A412BA003272E3 /* DeskSDKUIKit */,
				92322C0320A42A36003272E3 /* HeaderFiles */,
				92322B2A20A412BA003272E3 /* Products */,
				92322B6920A42084003272E3 /* Frameworks */,
			);
			sourceTree = "<group>";
		};
		92322B2A20A412BA003272E3 /* Products */ = {
			isa = PBXGroup;
			children = (
				92322B2920A412BA003272E3 /* ZohoDeskUIKit.framework */,
			);
			name = Products;
			sourceTree = "<group>";
		};
		92322B2B20A412BA003272E3 /* DeskSDKUIKit */ = {
			isa = PBXGroup;
			children = (
				92322C0420A42A51003272E3 /* ZohoDeskUIKit.swift */,
				92322B2D20A412BA003272E3 /* Info.plist */,
			);
			path = DeskSDKUIKit;
			sourceTree = "<group>";
		};
		92322B5520A412F6003272E3 /* TicketList */ = {
			isa = PBXGroup;
			children = (
				9285B56D20BDE412002182FB /* Views */,
				9285B56E20BDE422002182FB /* Model */,
				9285B56F20BDE43B002182FB /* Xib */,
			);
			path = TicketList;
			sourceTree = "<group>";
		};
		92322B6920A42084003272E3 /* Frameworks */ = {
			isa = PBXGroup;
			children = (
			);
			name = Frameworks;
			sourceTree = "<group>";
		};
		92322C0220A42A0F003272E3 /* Utility */ = {
			isa = PBXGroup;
			children = (
				92C19ECB20B687AC0088D7AC /* Media.xcassets */,
				925DAA7420AC6D510012B811 /* Localization */,
				927D266A20AAB2EE00D692A8 /* ZDTheme.swift */,
				92322B6E20A4248A003272E3 /* ZDUtility.swift */,
				92322B6B20A42300003272E3 /* ZDConstant.swift */,
				921291DA20BBC8AA00B651D4 /* ZDCacheManager.swift */,
				9285B56120BD99D9002182FB /* ZDQLPreviewController.swift */,
				927D266720AAB25400D692A8 /* Fonts */,
				92322C1A20A456EE003272E3 /* Extension */,
			);
			path = Utility;
			sourceTree = "<group>";
		};
		92322C0320A42A36003272E3 /* HeaderFiles */ = {
			isa = PBXGroup;
			children = (
				92322B2C20A412BA003272E3 /* DeskSDKUIKit.h */,
			);
			path = HeaderFiles;
			sourceTree = "<group>";
		};
		92322C1A20A456EE003272E3 /* Extension */ = {
			isa = PBXGroup;
			children = (
				9285B57B20BEBD8E002182FB /* FileManagerExtention.swift */,
				927D265D20A9685E00D692A8 /* StringExtension.swift */,
				927D265B20A9646600D692A8 /* DateExtension.swift */,
				92322C1820A456D4003272E3 /* FontExtension.swift */,
				927D265520A95EDA00D692A8 /* OptionalExtension.swift */,
				927D265F20A98FE300D692A8 /* BoolExtension.swift */,
				925DAA7920AD4E810012B811 /* ColorExtension.swift */,
				925DAA7B20AD93300012B811 /* UIViewExtension.swift */,
			);
			path = Extension;
			sourceTree = "<group>";
		};
		925DAA7420AC6D510012B811 /* Localization */ = {
			isa = PBXGroup;
			children = (
				925DAA7220AC6D450012B811 /* ZDEnglish.strings */,
			);
			path = Localization;
			sourceTree = "<group>";
		};
		927D266720AAB25400D692A8 /* Fonts */ = {
			isa = PBXGroup;
			children = (
				92322B5F20A41302003272E3 /* icomoon.ttf */,
				927D266120AAA00800D692A8 /* ProximaNovaBold.otf */,
				927D266220AAA00900D692A8 /* ProximaNovaReg.otf */,
				925DAA7F20ADA04D0012B811 /* ProximaNovaSbold.otf */,
			);
			path = Fonts;
			sourceTree = "<group>";
		};
		927D266C20AAE70D00D692A8 /* TicketDetails */ = {
			isa = PBXGroup;
			children = (
				9285B56B20BDE3D6002182FB /* Views */,
				9285B56C20BDE400002182FB /* Model */,
				921291E020BBE88900B651D4 /* ConversationCell */,
				9285B56A20BDE3BC002182FB /* Xib */,
			);
			path = TicketDetails;
			sourceTree = "<group>";
		};
		9285B56A20BDE3BC002182FB /* Xib */ = {
			isa = PBXGroup;
			children = (
				927D266F20AAEDFA00D692A8 /* ZDTicketDetail.xib */,
				925DAA7720ACB9C60012B811 /* ZDConvserationCell.xib */,
				925DAA8520AEA9030012B811 /* ZDAttachmentCollectionCell.xib */,
			);
			path = Xib;
			sourceTree = "<group>";
		};
		9285B56B20BDE3D6002182FB /* Views */ = {
			isa = PBXGroup;
			children = (
				927D266D20AAE73700D692A8 /* ZDTicketDetailView.swift */,
				925DAA6A20AC0D9E0012B811 /* ZDTicketDetailHeader.swift */,
			);
			path = Views;
			sourceTree = "<group>";
		};
		9285B56C20BDE400002182FB /* Model */ = {
			isa = PBXGroup;
			children = (
				925DAA7020AC3B6B0012B811 /* ZDTicketDetailViewModel.swift */,
			);
			path = Model;
			sourceTree = "<group>";
		};
		9285B56D20BDE412002182FB /* Views */ = {
			isa = PBXGroup;
			children = (
				92322B5720A412F6003272E3 /* ZDTicketListView.swift */,
				92322B5820A412F6003272E3 /* ZDTicketListCell.swift */,
				927D266820AAB2DC00D692A8 /* ZDTicketListCellTheme.swift */,
			);
			path = Views;
			sourceTree = "<group>";
		};
		9285B56E20BDE422002182FB /* Model */ = {
			isa = PBXGroup;
			children = (
				92322C1220A44643003272E3 /* ZDTicketListModel.swift */,
			);
			path = Model;
			sourceTree = "<group>";
		};
		9285B56F20BDE43B002182FB /* Xib */ = {
			isa = PBXGroup;
			children = (
				92322B5620A412F6003272E3 /* ZDTicketList.xib */,
			);
			path = Xib;
			sourceTree = "<group>";
		};
/* End PBXGroup section */

/* Begin PBXHeadersBuildPhase section */
		92322B2620A412BA003272E3 /* Headers */ = {
			isa = PBXHeadersBuildPhase;
			buildActionMask = 2147483647;
			files = (
				92322B3A20A412BA003272E3 /* DeskSDKUIKit.h in Headers */,
			);
			runOnlyForDeploymentPostprocessing = 0;
		};
/* End PBXHeadersBuildPhase section */

/* Begin PBXNativeTarget section */
		92322B2820A412BA003272E3 /* ZohoDeskUIKit */ = {
			isa = PBXNativeTarget;
			buildConfigurationList = 92322B3D20A412BA003272E3 /* Build configuration list for PBXNativeTarget "ZohoDeskUIKit" */;
			buildPhases = (
				92322B2420A412BA003272E3 /* Sources */,
				92322B2520A412BA003272E3 /* Frameworks */,
				92322B2620A412BA003272E3 /* Headers */,
				92322B2720A412BA003272E3 /* Resources */,
			);
			buildRules = (
			);
			dependencies = (
			);
			name = ZohoDeskUIKit;
			productName = DeskSDKUIKit;
			productReference = 92322B2920A412BA003272E3 /* ZohoDeskUIKit.framework */;
			productType = "com.apple.product-type.framework";
		};
/* End PBXNativeTarget section */

/* Begin PBXProject section */
		92322B2020A412BA003272E3 /* Project object */ = {
			isa = PBXProject;
			attributes = {
				LastSwiftUpdateCheck = 0930;
				LastUpgradeCheck = 0930;
				ORGANIZATIONNAME = "rajesh-2098";
				TargetAttributes = {
					92322B2820A412BA003272E3 = {
						CreatedOnToolsVersion = 9.3;
						LastSwiftMigration = 0930;
					};
				};
			};
			buildConfigurationList = 92322B2320A412BA003272E3 /* Build configuration list for PBXProject "ZohoDeskUIKit" */;
			compatibilityVersion = "Xcode 9.3";
			developmentRegion = en;
			hasScannedForEncodings = 0;
			knownRegions = (
				en,
			);
			mainGroup = 92322B1F20A412BA003272E3;
			productRefGroup = 92322B2A20A412BA003272E3 /* Products */;
			projectDirPath = "";
			projectRoot = "";
			targets = (
				92322B2820A412BA003272E3 /* ZohoDeskUIKit */,
			);
		};
/* End PBXProject section */

/* Begin PBXResourcesBuildPhase section */
		92322B2720A412BA003272E3 /* Resources */ = {
			isa = PBXResourcesBuildPhase;
			buildActionMask = 2147483647;
			files = (
				925DAA7820ACB9C60012B811 /* ZDConvserationCell.xib in Resources */,
				92322B5920A412F6003272E3 /* ZDTicketList.xib in Resources */,
				92322B6020A41302003272E3 /* icomoon.ttf in Resources */,
				925DAA8620AEA9030012B811 /* ZDAttachmentCollectionCell.xib in Resources */,
				925DAA8020ADA04E0012B811 /* ProximaNovaSbold.otf in Resources */,
				927D266420AAA00900D692A8 /* ProximaNovaReg.otf in Resources */,
				925DAA7320AC6D450012B811 /* ZDEnglish.strings in Resources */,
				927D267020AAEDFA00D692A8 /* ZDTicketDetail.xib in Resources */,
				92C19ECC20B687AC0088D7AC /* Media.xcassets in Resources */,
				927D266320AAA00900D692A8 /* ProximaNovaBold.otf in Resources */,
			);
			runOnlyForDeploymentPostprocessing = 0;
		};
/* End PBXResourcesBuildPhase section */

/* Begin PBXSourcesBuildPhase section */
		92322B2420A412BA003272E3 /* Sources */ = {
			isa = PBXSourcesBuildPhase;
			buildActionMask = 2147483647;
			files = (
				92C19ED320B72CA80088D7AC /* icomoon.ttf in Sources */,
				92C19ED420B72CA80088D7AC /* ProximaNovaSbold.otf in Sources */,
				927D266520AAA13A00D692A8 /* ProximaNovaBold.otf in Sources */,
				9285B57E20BEBD8E002182FB /* FileManagerExtention.swift in Sources */,
				927D266E20AAE73800D692A8 /* ZDTicketDetailView.swift in Sources */,
				927D266620AAA13A00D692A8 /* ProximaNovaReg.otf in Sources */,
				925DAA8420AEA8330012B811 /* AttachementMethods.swift in Sources */,
				925DAA7E20AD94B60012B811 /* ZDTicketDetailTheme.swift in Sources */,
				927D266020A98FE300D692A8 /* BoolExtension.swift in Sources */,
				92322C0520A42A51003272E3 /* ZohoDeskUIKit.swift in Sources */,
				9285B56220BD99D9002182FB /* ZDQLPreviewController.swift in Sources */,
				92322B6F20A4248A003272E3 /* ZDUtility.swift in Sources */,
				92322C1920A456D4003272E3 /* FontExtension.swift in Sources */,
				925DAA7A20AD4E810012B811 /* ColorExtension.swift in Sources */,
				92322B5B20A412F6003272E3 /* ZDTicketListView.swift in Sources */,
				927D266920AAB2DC00D692A8 /* ZDTicketListCellTheme.swift in Sources */,
				921291DB20BBC8AA00B651D4 /* ZDCacheManager.swift in Sources */,
				927D266B20AAB2EE00D692A8 /* ZDTheme.swift in Sources */,
				925DAA6B20AC0D9E0012B811 /* ZDTicketDetailHeader.swift in Sources */,
				925DAA7620ACB2E60012B811 /* ZDConversationCell.swift in Sources */,
				92322B5D20A412F6003272E3 /* ZDTicketListCell.swift in Sources */,
				92322B6C20A42300003272E3 /* ZDConstant.swift in Sources */,
				92C19EC820B5F49A0088D7AC /* SenderDetailMethods.swift in Sources */,
				927D265620A95EDA00D692A8 /* OptionalExtension.swift in Sources */,
				92322C1320A44643003272E3 /* ZDTicketListModel.swift in Sources */,
				925DAA7C20AD93300012B811 /* UIViewExtension.swift in Sources */,
				925DAA7120AC3B6B0012B811 /* ZDTicketDetailViewModel.swift in Sources */,
				927D265E20A9685E00D692A8 /* StringExtension.swift in Sources */,
				927D265C20A9646600D692A8 /* DateExtension.swift in Sources */,
			);
			runOnlyForDeploymentPostprocessing = 0;
		};
/* End PBXSourcesBuildPhase section */

/* Begin XCBuildConfiguration section */
		92322B3B20A412BA003272E3 /* Debug */ = {
			isa = XCBuildConfiguration;
			buildSettings = {
				ALWAYS_SEARCH_USER_PATHS = NO;
				CLANG_ANALYZER_NONNULL = YES;
				CLANG_ANALYZER_NUMBER_OBJECT_CONVERSION = YES_AGGRESSIVE;
				CLANG_CXX_LANGUAGE_STANDARD = "gnu++14";
				CLANG_CXX_LIBRARY = "libc++";
				CLANG_ENABLE_MODULES = YES;
				CLANG_ENABLE_OBJC_ARC = YES;
				CLANG_ENABLE_OBJC_WEAK = YES;
				CLANG_WARN_BLOCK_CAPTURE_AUTORELEASING = YES;
				CLANG_WARN_BOOL_CONVERSION = YES;
				CLANG_WARN_COMMA = YES;
				CLANG_WARN_CONSTANT_CONVERSION = YES;
				CLANG_WARN_DEPRECATED_OBJC_IMPLEMENTATIONS = YES;
				CLANG_WARN_DIRECT_OBJC_ISA_USAGE = YES_ERROR;
				CLANG_WARN_DOCUMENTATION_COMMENTS = YES;
				CLANG_WARN_EMPTY_BODY = YES;
				CLANG_WARN_ENUM_CONVERSION = YES;
				CLANG_WARN_INFINITE_RECURSION = YES;
				CLANG_WARN_INT_CONVERSION = YES;
				CLANG_WARN_NON_LITERAL_NULL_CONVERSION = YES;
				CLANG_WARN_OBJC_IMPLICIT_RETAIN_SELF = YES;
				CLANG_WARN_OBJC_LITERAL_CONVERSION = YES;
				CLANG_WARN_OBJC_ROOT_CLASS = YES_ERROR;
				CLANG_WARN_RANGE_LOOP_ANALYSIS = YES;
				CLANG_WARN_STRICT_PROTOTYPES = YES;
				CLANG_WARN_SUSPICIOUS_MOVE = YES;
				CLANG_WARN_UNGUARDED_AVAILABILITY = YES_AGGRESSIVE;
				CLANG_WARN_UNREACHABLE_CODE = YES;
				CLANG_WARN__DUPLICATE_METHOD_MATCH = YES;
				CODE_SIGN_IDENTITY = "iPhone Developer";
				COPY_PHASE_STRIP = NO;
				CURRENT_PROJECT_VERSION = 1;
				DEBUG_INFORMATION_FORMAT = dwarf;
				ENABLE_STRICT_OBJC_MSGSEND = YES;
				ENABLE_TESTABILITY = YES;
				GCC_C_LANGUAGE_STANDARD = gnu11;
				GCC_DYNAMIC_NO_PIC = NO;
				GCC_NO_COMMON_BLOCKS = YES;
				GCC_OPTIMIZATION_LEVEL = 0;
				GCC_PREPROCESSOR_DEFINITIONS = (
					"DEBUG=1",
					"$(inherited)",
				);
				GCC_WARN_64_TO_32_BIT_CONVERSION = YES;
				GCC_WARN_ABOUT_RETURN_TYPE = YES_ERROR;
				GCC_WARN_UNDECLARED_SELECTOR = YES;
				GCC_WARN_UNINITIALIZED_AUTOS = YES_AGGRESSIVE;
				GCC_WARN_UNUSED_FUNCTION = YES;
				GCC_WARN_UNUSED_VARIABLE = YES;
				IPHONEOS_DEPLOYMENT_TARGET = 9.0;
				MTL_ENABLE_DEBUG_INFO = YES;
				ONLY_ACTIVE_ARCH = YES;
				SDKROOT = iphoneos;
				SWIFT_ACTIVE_COMPILATION_CONDITIONS = DEBUG;
				SWIFT_OPTIMIZATION_LEVEL = "-Onone";
				VERSIONING_SYSTEM = "apple-generic";
				VERSION_INFO_PREFIX = "";
			};
			name = Debug;
		};
		92322B3C20A412BA003272E3 /* Release */ = {
			isa = XCBuildConfiguration;
			buildSettings = {
				ALWAYS_SEARCH_USER_PATHS = NO;
				CLANG_ANALYZER_NONNULL = YES;
				CLANG_ANALYZER_NUMBER_OBJECT_CONVERSION = YES_AGGRESSIVE;
				CLANG_CXX_LANGUAGE_STANDARD = "gnu++14";
				CLANG_CXX_LIBRARY = "libc++";
				CLANG_ENABLE_MODULES = YES;
				CLANG_ENABLE_OBJC_ARC = YES;
				CLANG_ENABLE_OBJC_WEAK = YES;
				CLANG_WARN_BLOCK_CAPTURE_AUTORELEASING = YES;
				CLANG_WARN_BOOL_CONVERSION = YES;
				CLANG_WARN_COMMA = YES;
				CLANG_WARN_CONSTANT_CONVERSION = YES;
				CLANG_WARN_DEPRECATED_OBJC_IMPLEMENTATIONS = YES;
				CLANG_WARN_DIRECT_OBJC_ISA_USAGE = YES_ERROR;
				CLANG_WARN_DOCUMENTATION_COMMENTS = YES;
				CLANG_WARN_EMPTY_BODY = YES;
				CLANG_WARN_ENUM_CONVERSION = YES;
				CLANG_WARN_INFINITE_RECURSION = YES;
				CLANG_WARN_INT_CONVERSION = YES;
				CLANG_WARN_NON_LITERAL_NULL_CONVERSION = YES;
				CLANG_WARN_OBJC_IMPLICIT_RETAIN_SELF = YES;
				CLANG_WARN_OBJC_LITERAL_CONVERSION = YES;
				CLANG_WARN_OBJC_ROOT_CLASS = YES_ERROR;
				CLANG_WARN_RANGE_LOOP_ANALYSIS = YES;
				CLANG_WARN_STRICT_PROTOTYPES = YES;
				CLANG_WARN_SUSPICIOUS_MOVE = YES;
				CLANG_WARN_UNGUARDED_AVAILABILITY = YES_AGGRESSIVE;
				CLANG_WARN_UNREACHABLE_CODE = YES;
				CLANG_WARN__DUPLICATE_METHOD_MATCH = YES;
				CODE_SIGN_IDENTITY = "iPhone Developer";
				COPY_PHASE_STRIP = NO;
				CURRENT_PROJECT_VERSION = 1;
				DEBUG_INFORMATION_FORMAT = "dwarf-with-dsym";
				ENABLE_NS_ASSERTIONS = NO;
				ENABLE_STRICT_OBJC_MSGSEND = YES;
				GCC_C_LANGUAGE_STANDARD = gnu11;
				GCC_NO_COMMON_BLOCKS = YES;
				GCC_WARN_64_TO_32_BIT_CONVERSION = YES;
				GCC_WARN_ABOUT_RETURN_TYPE = YES_ERROR;
				GCC_WARN_UNDECLARED_SELECTOR = YES;
				GCC_WARN_UNINITIALIZED_AUTOS = YES_AGGRESSIVE;
				GCC_WARN_UNUSED_FUNCTION = YES;
				GCC_WARN_UNUSED_VARIABLE = YES;
				IPHONEOS_DEPLOYMENT_TARGET = 9.0;
				MTL_ENABLE_DEBUG_INFO = NO;
				SDKROOT = iphoneos;
				SWIFT_COMPILATION_MODE = wholemodule;
				SWIFT_OPTIMIZATION_LEVEL = "-O";
				VALIDATE_PRODUCT = YES;
				VERSIONING_SYSTEM = "apple-generic";
				VERSION_INFO_PREFIX = "";
			};
			name = Release;
		};
		92322B3E20A412BA003272E3 /* Debug */ = {
			isa = XCBuildConfiguration;
			buildSettings = {
				CLANG_ENABLE_MODULES = YES;
				CODE_SIGN_IDENTITY = "";
				CODE_SIGN_STYLE = Automatic;
				DEFINES_MODULE = YES;
				DEVELOPMENT_TEAM = TZ824L8Y37;
				DYLIB_COMPATIBILITY_VERSION = 1;
				DYLIB_CURRENT_VERSION = 1;
				DYLIB_INSTALL_NAME_BASE = "@rpath";
				INFOPLIST_FILE = DeskSDKUIKit/Info.plist;
				INSTALL_PATH = "$(LOCAL_LIBRARY_DIR)/Frameworks";
				LD_RUNPATH_SEARCH_PATHS = (
					"$(inherited)",
					"@executable_path/Frameworks",
					"@loader_path/Frameworks",
				);
				PRODUCT_BUNDLE_IDENTIFIER = com.zoho.deskSDKUIKit;
				PRODUCT_NAME = "$(TARGET_NAME:c99extidentifier)";
				SKIP_INSTALL = YES;
				SWIFT_OPTIMIZATION_LEVEL = "-Onone";
				SWIFT_VERSION = 3.0;
				TARGETED_DEVICE_FAMILY = "1,2";
			};
			name = Debug;
		};
		92322B3F20A412BA003272E3 /* Release */ = {
			isa = XCBuildConfiguration;
			buildSettings = {
				CLANG_ENABLE_MODULES = YES;
				CODE_SIGN_IDENTITY = "";
				CODE_SIGN_STYLE = Automatic;
				DEFINES_MODULE = YES;
				DEVELOPMENT_TEAM = TZ824L8Y37;
				DYLIB_COMPATIBILITY_VERSION = 1;
				DYLIB_CURRENT_VERSION = 1;
				DYLIB_INSTALL_NAME_BASE = "@rpath";
				INFOPLIST_FILE = DeskSDKUIKit/Info.plist;
				INSTALL_PATH = "$(LOCAL_LIBRARY_DIR)/Frameworks";
				LD_RUNPATH_SEARCH_PATHS = (
					"$(inherited)",
					"@executable_path/Frameworks",
					"@loader_path/Frameworks",
				);
				PRODUCT_BUNDLE_IDENTIFIER = com.zoho.deskSDKUIKit;
				PRODUCT_NAME = "$(TARGET_NAME:c99extidentifier)";
				SKIP_INSTALL = YES;
				SWIFT_VERSION = 3.0;
				TARGETED_DEVICE_FAMILY = "1,2";
			};
			name = Release;
		};
/* End XCBuildConfiguration section */

/* Begin XCConfigurationList section */
		92322B2320A412BA003272E3 /* Build configuration list for PBXProject "ZohoDeskUIKit" */ = {
			isa = XCConfigurationList;
			buildConfigurations = (
				92322B3B20A412BA003272E3 /* Debug */,
				92322B3C20A412BA003272E3 /* Release */,
			);
			defaultConfigurationIsVisible = 0;
			defaultConfigurationName = Release;
		};
		92322B3D20A412BA003272E3 /* Build configuration list for PBXNativeTarget "ZohoDeskUIKit" */ = {
			isa = XCConfigurationList;
			buildConfigurations = (
				92322B3E20A412BA003272E3 /* Debug */,
				92322B3F20A412BA003272E3 /* Release */,
			);
			defaultConfigurationIsVisible = 0;
			defaultConfigurationName = Release;
		};
/* End XCConfigurationList section */
	};
	rootObject = 92322B2020A412BA003272E3 /* Project object */;
}
